
Microsoft Visual Studio Solution File, Format Version 12.00
Project("{FAE04EC0-301F-11D3-BF4B-00C04F79EFBC}") = "BasicExample", "BasicExample\BasicExample.csproj", "{783144E4-19FD-4DCA-9E35-0F2E37B7982F}"
EndProject
Global
	GlobalSection(SolutionConfigurationPlatforms) = preSolution
		Debug|Any CPU = Debug|Any CPU
		Release|Any CPU = Release|Any CPU
	EndGlobalSection
	GlobalSection(ProjectConfigurationPlatforms) = postSolution
		{783144E4-19FD-4DCA-9E35-0F2E37B7982F}.Debug|Any CPU.ActiveCfg = Debug|Any CPU
		{783144E4-19FD-4DCA-9E35-0F2E37B7982F}.Debug|Any CPU.Build.0 = Debug|Any CPU
		{783144E4-19FD-4DCA-9E35-0F2E37B7982F}.Release|Any CPU.ActiveCfg = Release|Any CPU
		{783144E4-19FD-4DCA-9E35-0F2E37B7982F}.Release|Any CPU.Build.0 = Release|Any CPU
	EndGlobalSection
EndGlobal
